{
    "_meta": {
        "hash": {
            "sha256": "442f9e57499feabc3a30c404399a0ee219b4fec6e70ea3eb6872ad97aa9b4029"
        },
        "host-environment-markers": {
            "implementation_name": "cpython",
            "implementation_version": "0",
            "os_name": "nt",
            "platform_machine": "AMD64",
            "platform_python_implementation": "CPython",
            "platform_release": "10",
            "platform_system": "Windows",
            "platform_version": "10.0.17134",
            "python_full_version": "2.7.14",
            "python_version": "2.7",
            "sys_platform": "win32"
        },
        "pipfile-spec": 6,
        "requires": {},
        "sources": [
            {
                "name": "pypi",
                "url": "https://mirrors.aliyun.com/pypi/simple",
                "verify_ssl": true
            }
        ]
    },
    "default": {
        "aniso8601": {
            "hashes": [],
            "version": "==3.0.0"
        },
        "beautifulsoup4": {
            "hashes": [],
            "version": "==4.6.0"
        },
        "blinker": {
            "hashes": [],
            "version": "==1.4"
        },
        "certifi": {
            "hashes": [],
            "version": "==2018.4.16"
        },
        "cffi": {
            "hashes": [],
            "markers": "sys_platform == 'win32' and platform_python_implementation == 'CPython'",
            "version": "==1.11.5"
        },
        "cgtwq": {
            "file": "https://github.com/WuLiFang/cgtwq/archive/1.3.1.tar.gz"
        },
        "chardet": {
            "hashes": [],
            "version": "==3.0.4"
        },
        "click": {
            "hashes": [],
            "version": "==6.7"
        },
        "contextlib2": {
            "hashes": [],
            "markers": "python_version < '3.2'",
            "version": "==0.5.5"
        },
        "diskcache": {
            "hashes": [],
            "version": "==3.0.6"
        },
        "et-xmlfile": {
            "hashes": [],
            "version": "==1.0.1"
        },
        "flask": {
            "hashes": [],
            "version": "==1.0.2"
        },
        "flask-restful": {
            "hashes": [],
            "version": "==0.3.6"
        },
        "flask-socketio": {
            "hashes": [],
            "version": "==3.0.0"
        },
        "gevent": {
            "hashes": [],
            "version": "==1.3.1"
        },
        "greenlet": {
            "hashes": [],
            "markers": "platform_python_implementation == 'CPython'",
            "version": "==0.4.13"
        },
        "idna": {
            "hashes": [],
            "version": "==2.6"
        },
        "itsdangerous": {
            "hashes": [],
            "version": "==0.24"
        },
        "jdcal": {
            "hashes": [],
            "version": "==1.4"
        },
        "jinja2": {
            "hashes": [],
            "version": "==2.10"
        },
        "markupsafe": {
            "hashes": [],
            "version": "==1.0"
        },
        "openpyxl": {
            "hashes": [],
            "version": "==2.5.3"
        },
        "pathlib2": {
            "hashes": [],
            "version": "==2.3.2"
        },
        "psutil": {
            "hashes": [],
            "version": "==5.4.5"
        },
        "pyblish": {
            "hashes": [],
            "version": "==1.4.3"
        },
        "pyblish-base": {
            "hashes": [],
            "version": "==1.4.3"
        },
        "pyblish-lite": {
            "hashes": [],
            "version": "==0.6.4"
        },
        "pyblish-maya": {
            "hashes": [],
            "version": "==2.1.2"
        },
        "pyblish-modo": {
            "hashes": [],
            "version": "==0.0.2"
        },
        "pyblish-qml": {
            "hashes": [],
            "version": "==0.7.0"
        },
        "pycparser": {
            "hashes": [],
            "version": "==2.18"
        },
        "python-engineio": {
            "hashes": [],
            "version": "==2.1.1"
        },
        "python-socketio": {
            "hashes": [],
            "version": "==1.9.0"
        },
        "pytz": {
            "hashes": [],
            "version": "==2018.4"
        },
        "qt.py": {
            "hashes": [],
            "version": "==1.1.0"
        },
        "raven": {
            "hashes": [],
            "version": "==6.8.0"
        },
        "requests": {
            "hashes": [],
            "version": "==2.18.4"
        },
        "scandir": {
            "hashes": [],
            "markers": "python_version < '3.5'",
            "version": "==1.7"
        },
        "six": {
            "hashes": [],
            "version": "==1.11.0"
        },
        "sqlalchemy": {
            "hashes": [],
            "version": "==1.2.7"
        },
        "urllib3": {
            "hashes": [],
            "version": "==1.22"
        },
        "websocket-client": {
            "hashes": [],
            "version": "==0.47.0"
        },
        "werkzeug": {
            "hashes": [],
            "version": "==0.14.1"
        },
        "wlf": {
            "file": "https://github.com/WuLiFang/wlf/archive/0.3.12.tar.gz"
        }
    },
    "develop": {
        "astroid": {
            "hashes": [],
            "version": "==1.6.4"
        },
        "atomicwrites": {
            "hashes": [],
            "version": "==1.1.5"
        },
        "attrs": {
            "hashes": [],
            "version": "==18.1.0"
        },
        "autopep8": {
            "hashes": [],
            "version": "==1.3.5"
        },
        "backports.functools-lru-cache": {
            "hashes": [],
            "markers": "python_version < '3.4'",
            "version": "==1.5"
        },
        "colorama": {
            "hashes": [],
            "markers": "sys_platform == 'win32'",
            "version": "==0.3.9"
        },
        "configparser": {
            "hashes": [],
            "markers": "python_version == '2.7'",
            "version": "==3.5.0"
        },
        "enum34": {
            "hashes": [],
            "markers": "python_version < '3.4'",
            "version": "==1.1.6"
        },
        "funcsigs": {
            "hashes": [],
            "markers": "python_version < '3.0'",
            "version": "==1.0.2"
        },
        "futures": {
            "hashes": [],
            "version": "==3.2.0"
        },
        "isort": {
            "hashes": [],
            "version": "==4.3.4"
        },
        "lazy-object-proxy": {
            "hashes": [],
            "version": "==1.3.1"
        },
        "mccabe": {
            "hashes": [],
            "version": "==0.6.1"
        },
        "more-itertools": {
            "hashes": [],
            "version": "==4.2.0"
        },
        "pluggy": {
            "hashes": [],
            "version": "==0.6.0"
        },
        "py": {
            "hashes": [],
            "version": "==1.5.3"
        },
        "pycodestyle": {
            "hashes": [],
            "version": "==2.4.0"
        },
        "pylint": {
            "hashes": [],
            "version": "==1.9.1"
        },
        "pytest": {
            "hashes": [],
            "version": "==3.6.0"
        },
        "rope": {
            "hashes": [],
            "version": "==0.10.7"
        },
        "singledispatch": {
            "hashes": [],
            "markers": "python_version < '3.4'",
            "version": "==3.4.0.3"
        },
        "six": {
            "hashes": [],
            "version": "==1.11.0"
        },
        "wrapt": {
            "hashes": [],
            "version": "==1.10.11"
        }
    }
}
